PODS:
  - Alamofire (4.9.1)
  - AlamofireImage (3.6.0):
    - Alamofire (~> 4.9)
  - Cache (5.2.0)
  - CalendarKit (0.3.1):
    - DateToolsSwift
    - Neon
  - Chatto (3.3.1)
  - ChattoAdditions (3.3.1):
    - Chatto
  - Crashlytics (3.14.0):
    - Fabric (~> 1.10.2)
  - CVCalendar (1.6.2)
  - DateToolsSwift (5.0.0)
  - Device.swift (1.2.2)
  - Down (0.9.0)
  - Fabric (1.10.2)
  - Firebase/Analytics (6.18.0):
    - Firebase/Core
  - Firebase/Core (6.18.0):
    - Firebase/CoreOnly
    - FirebaseAnalytics (= 6.3.0)
  - Firebase/CoreOnly (6.18.0):
    - FirebaseCore (= 6.6.3)
  - Firebase/Messaging (6.18.0):
    - Firebase/CoreOnly
    - FirebaseMessaging (~> 4.3.0)
  - FirebaseAnalytics (6.3.0):
    - FirebaseCore (~> 6.6)
    - FirebaseInstallations (~> 1.1)
    - GoogleAppMeasurement (= 6.3.0)
    - GoogleUtilities/AppDelegateSwizzler (~> 6.0)
    - GoogleUtilities/MethodSwizzler (~> 6.0)
    - GoogleUtilities/Network (~> 6.0)
    - "GoogleUtilities/NSData+zlib (~> 6.0)"
    - nanopb (= 0.3.9011)
  - FirebaseAnalyticsInterop (1.5.0)
  - FirebaseCore (6.6.3):
    - FirebaseCoreDiagnostics (~> 1.2)
    - FirebaseCoreDiagnosticsInterop (~> 1.2)
    - GoogleUtilities/Environment (~> 6.5)
    - GoogleUtilities/Logger (~> 6.5)
  - FirebaseCoreDiagnostics (1.2.1):
    - FirebaseCoreDiagnosticsInterop (~> 1.2)
    - GoogleDataTransportCCTSupport (~> 1.3)
    - GoogleUtilities/Environment (~> 6.5)
    - GoogleUtilities/Logger (~> 6.5)
    - nanopb (~> 0.3.901)
  - FirebaseCoreDiagnosticsInterop (1.2.0)
  - FirebaseInstallations (1.1.0):
    - FirebaseCore (~> 6.6)
    - GoogleUtilities/UserDefaults (~> 6.5)
    - PromisesObjC (~> 1.2)
  - FirebaseInstanceID (4.3.2):
    - FirebaseCore (~> 6.6)
    - FirebaseInstallations (~> 1.0)
    - GoogleUtilities/Environment (~> 6.5)
    - GoogleUtilities/UserDefaults (~> 6.5)
  - FirebaseMessaging (4.3.0):
    - FirebaseAnalyticsInterop (~> 1.5)
    - FirebaseCore (~> 6.6)
    - FirebaseInstanceID (~> 4.3)
    - GoogleUtilities/AppDelegateSwizzler (~> 6.5)
    - GoogleUtilities/Environment (~> 6.5)
    - GoogleUtilities/Reachability (~> 6.5)
    - GoogleUtilities/UserDefaults (~> 6.5)
    - Protobuf (>= 3.9.2, ~> 3.9)
  - GoogleAppMeasurement (6.3.0):
    - GoogleUtilities/AppDelegateSwizzler (~> 6.0)
    - GoogleUtilities/MethodSwizzler (~> 6.0)
    - GoogleUtilities/Network (~> 6.0)
    - "GoogleUtilities/NSData+zlib (~> 6.0)"
    - nanopb (= 0.3.9011)
  - GoogleDataTransport (4.0.1)
  - GoogleDataTransportCCTSupport (1.4.1):
    - GoogleDataTransport (~> 4.0)
    - nanopb (~> 0.3.901)
  - GoogleUtilities/AppDelegateSwizzler (6.5.1):
    - GoogleUtilities/Environment
    - GoogleUtilities/Logger
    - GoogleUtilities/Network
  - GoogleUtilities/Environment (6.5.1)
  - GoogleUtilities/Logger (6.5.1):
    - GoogleUtilities/Environment
  - GoogleUtilities/MethodSwizzler (6.5.1):
    - GoogleUtilities/Logger
  - GoogleUtilities/Network (6.5.1):
    - GoogleUtilities/Logger
    - "GoogleUtilities/NSData+zlib"
    - GoogleUtilities/Reachability
  - "GoogleUtilities/NSData+zlib (6.5.1)"
  - GoogleUtilities/Reachability (6.5.1):
    - GoogleUtilities/Logger
  - GoogleUtilities/UserDefaults (6.5.1):
    - GoogleUtilities/Logger
  - Imaginary (4.2.0):
    - Cache (~> 5.0)
  - iosMath (0.9.4)
  - IQKeyboardManager (6.5.5)
  - JTAppleCalendar (7.1.6)
  - KeychainSwift (19.0.0)
  - Kingfisher (5.13.2):
    - Kingfisher/Core (= 5.13.2)
  - Kingfisher/Core (5.13.2)
  - KMPlaceholderTextView (1.4.0)
  - Lightbox (2.3.0):
    - Imaginary (~> 4.0)
  - nanopb (0.3.9011):
    - nanopb/decode (= 0.3.9011)
    - nanopb/encode (= 0.3.9011)
  - nanopb/decode (0.3.9011)
  - nanopb/encode (0.3.9011)
  - Neon (0.4.0)
  - NRAppUpdate (1.0.0)
  - NVActivityIndicatorView (4.8.0):
    - NVActivityIndicatorView/Presenter (= 4.8.0)
  - NVActivityIndicatorView/Presenter (4.8.0)
  - PromisesObjC (1.2.8)
  - Protobuf (3.11.4)
  - RichTextView (2.6.6):
    - Down
    - iosMath
    - SnapKit
  - SkeletonView (1.8.6)
  - SkyFloatingLabelTextField (3.8.0)
  - SnapKit (5.0.1)
  - SVProgressHUD (2.2.5)
  - SwiftDate (5.1.0)
  - TPKeyboardAvoiding (1.3.3)
  - YLProgressBar (3.11.0)

DEPENDENCIES:
  - Alamofire (= 4.9.1)
  - AlamofireImage
  - CalendarKit (= 0.3.1)
  - Chatto (= 3.3.1)
  - ChattoAdditions (= 3.3.1)
  - Crashlytics (~> 3.14.0)
  - CVCalendar (~> 1.6.2)
  - Device.swift
  - Fabric (~> 1.10.2)
  - Firebase/Analytics
  - Firebase/Core
  - Firebase/Messaging
  - IQKeyboardManager
  - JTAppleCalendar (= 7.1.6)
  - KeychainSwift
  - Kingfisher
  - KMPlaceholderTextView (~> 1.4.0)
  - Lightbox
  - NRAppUpdate
  - NVActivityIndicatorView
  - RichTextView
  - SkeletonView
  - SkyFloatingLabelTextField (~> 3.0)
  - SVProgressHUD
  - SwiftDate (~> 5.0)
  - TPKeyboardAvoiding
  - YLProgressBar

SPEC REPOS:
  trunk:
    - Alamofire
    - AlamofireImage
    - Cache
    - CalendarKit
    - Chatto
    - ChattoAdditions
    - Crashlytics
    - CVCalendar
    - DateToolsSwift
    - Device.swift
    - Down
    - Fabric
    - Firebase
    - FirebaseAnalytics
    - FirebaseAnalyticsInterop
    - FirebaseCore
    - FirebaseCoreDiagnostics
    - FirebaseCoreDiagnosticsInterop
    - FirebaseInstallations
    - FirebaseInstanceID
    - FirebaseMessaging
    - GoogleAppMeasurement
    - GoogleDataTransport
    - GoogleDataTransportCCTSupport
    - GoogleUtilities
    - Imaginary
    - iosMath
    - IQKeyboardManager
    - JTAppleCalendar
    - KeychainSwift
    - Kingfisher
    - KMPlaceholderTextView
    - Lightbox
    - nanopb
    - Neon
    - NRAppUpdate
    - NVActivityIndicatorView
    - PromisesObjC
    - Protobuf
    - RichTextView
    - SkeletonView
    - SkyFloatingLabelTextField
    - SnapKit
    - SVProgressHUD
    - SwiftDate
    - TPKeyboardAvoiding
    - YLProgressBar

SPEC CHECKSUMS:
  Alamofire: 85e8a02c69d6020a0d734f6054870d7ecb75cf18
  AlamofireImage: be9963c6582d68b39e89191f64c82a7d7bf40fdd
  Cache: 807c5d86d01a177f06ede9865add3aea269bbfd4
  CalendarKit: d188d78a424c1559a6a5b1ee18c37180fde1498f
  Chatto: 24a6c9b0c91b08130466888b8b61563b90191c6f
  ChattoAdditions: cc74cd3dd371aa3f70e5ab8568a4f383f0c0eb8c
  Crashlytics: 540b7e5f5da5a042647227a5e3ac51d85eed06df
  CVCalendar: 515092247b9c5059855643c2a2220f259bd5417f
  DateToolsSwift: 4207ada6ad615d8dc076323d27037c94916dbfa6
  Device.swift: 3f93632bb3fa3e4ebb9b202563975177e17c4296
  Down: 1cdbca4963b542d0ef34ebb3e10ff48382bdf761
  Fabric: 706c8b8098fff96c33c0db69cbf81f9c551d0d74
  Firebase: 0490eca762a72e4f1582319539153897f1508dee
  FirebaseAnalytics: 058d71e714a1a6804d9e0f25e3bb18e377a51579
  FirebaseAnalyticsInterop: 3f86269c38ae41f47afeb43ebf32a001f58fcdae
  FirebaseCore: 78276943ad85e616dfa54dafa6c89512987d9d60
  FirebaseCoreDiagnostics: 2109d10c35e8289b1ee6cabf44d9ffb055620194
  FirebaseCoreDiagnosticsInterop: 296e2c5f5314500a850ad0b83e9e7c10b011a850
  FirebaseInstallations: 575cd32f2aec0feeb0e44f5d0110a09e5e60b47b
  FirebaseInstanceID: 7ee0d6777013bb952f377b41965bf132b6a075be
  FirebaseMessaging: 4ec33842d36b3319e062e51fb8b35a74f726950d
  GoogleAppMeasurement: 39ecba10918b21c83877d392246157f65db351cf
  GoogleDataTransport: 653963cf5be60fb59cf051e070f0836fdc305f81
  GoogleDataTransportCCTSupport: 84e4d4bbab642f2e9d83ee65d78aca2b5527d314
  GoogleUtilities: 06eb53bb579efe7099152735900dd04bf09e7275
  Imaginary: dae33d06dbc2ada22f98afef5eb45cc061311a2c
  iosMath: f7a6cbadf9d836d2149c2a84c435b1effc244cba
  IQKeyboardManager: 3a8b9e603f8b0eeaf5f096a1f2b2cfcf121992ef
  JTAppleCalendar: abb30678f42a4ef8a340a932b1dcb8c85a33dac2
  KeychainSwift: a06190cf933ad46b1e0abc3d77d29c06331715c7
  Kingfisher: d342c8354c10c3d85a27d6d4c42c41285924b898
  KMPlaceholderTextView: 2206c3df39979e9396e2d96fa9f427a8951121b0
  Lightbox: d317750e4132bfb871a5307cfe0a2c7d6a583c65
  nanopb: 18003b5e52dab79db540fe93fe9579f399bd1ccd
  Neon: 7fb5a9327e7e57911843f608e08f4893a74deaf9
  NRAppUpdate: 01ed6018eaea1b3eba91ed00d3a20f5675697772
  NVActivityIndicatorView: d24b7ebcf80af5dcd994adb650e2b6c93379270f
  PromisesObjC: c119f3cd559f50b7ae681fa59dc1acd19173b7e6
  Protobuf: 176220c526ad8bd09ab1fb40a978eac3fef665f7
  RichTextView: 6a42fe4494e2c453f54a63e6b7d7894a5eb9b79e
  SkeletonView: 0bf463145522c0c551b76a829b397e2a15a16d46
  SkyFloatingLabelTextField: 5a338412114808e961fe2d14ea2c5452c8b6e4aa
  SnapKit: 97b92857e3df3a0c71833cce143274bf6ef8e5eb
  SVProgressHUD: 1428aafac632c1f86f62aa4243ec12008d7a51d6
  SwiftDate: 6329e58969a2de31cea7f1ee1143b247693196e7
  TPKeyboardAvoiding: 6dd3fe3268b8f2627beb7ff3d82a3cacbdf66a36
  YLProgressBar: 0c0796a6e9b5e5d5040d15c8911e802b67ccb939

PODFILE CHECKSUM: a7445902436ac884e7375a2e91a087cb43692c40

COCOAPODS: 1.8.4
